
Microsoft Visual Studio Solution File, Format Version 12.00
# Visual Studio Version 17
VisualStudioVersion = 17.9.34902.65
MinimumVisualStudioVersion = 10.0.40219.1
Project("{8BC9CEB8-8B4A-11D0-8D11-00A0C91BC942}") = "Date", "Date.vcxproj", "{62104EF9-DAEF-4AF3-BE4D-DCED73C8CD52}"
EndProject
Global
	GlobalSection(SolutionConfigurationPlatforms) = preSolution
		Debug|x64 = Debug|x64
		Debug|x86 = Debug|x86
		Release|x64 = Release|x64
		Release|x86 = Release|x86
	EndGlobalSection
	GlobalSection(ProjectConfigurationPlatforms) = postSolution
		{62104EF9-DAEF-4AF3-BE4D-DCED73C8CD52}.Debug|x64.ActiveCfg = Debug|x64
		{62104EF9-DAEF-4AF3-BE4D-DCED73C8CD52}.Debug|x64.Build.0 = Debug|x64
		{62104EF9-DAEF-4AF3-BE4D-DCED73C8CD52}.Debug|x86.ActiveCfg = Debug|Win32
		{62104EF9-DAEF-4AF3-BE4D-DCED73C8CD52}.Debug|x86.Build.0 = Debug|Win32
		{62104EF9-DAEF-4AF3-BE4D-DCED73C8CD52}.Release|x64.ActiveCfg = Release|x64
		{62104EF9-DAEF-4AF3-BE4D-DCED73C8CD52}.Release|x64.Build.0 = Release|x64
		{62104EF9-DAEF-4AF3-BE4D-DCED73C8CD52}.Release|x86.ActiveCfg = Release|Win32
		{62104EF9-DAEF-4AF3-BE4D-DCED73C8CD52}.Release|x86.Build.0 = Release|Win32
	EndGlobalSection
	GlobalSection(SolutionProperties) = preSolution
		HideSolutionNode = FALSE
	EndGlobalSection
	GlobalSection(ExtensibilityGlobals) = postSolution
		SolutionGuid = {A790CFBC-611B-4C57-BBBA-C5666437F34C}
	EndGlobalSection
EndGlobal
