
Microsoft Visual Studio Solution File, Format Version 12.00
# Visual Studio Version 17
VisualStudioVersion = 17.3.32819.101
MinimumVisualStudioVersion = 10.0.40219.1
Project("{8BC9CEB8-8B4A-11D0-8D11-00A0C91BC942}") = "P20240606", "P20240606.vcxproj", "{F04658C4-03A3-407B-B1CA-41563BB913CC}"
EndProject
Global
	GlobalSection(SolutionConfigurationPlatforms) = preSolution
		Debug|x64 = Debug|x64
		Debug|x86 = Debug|x86
		Release|x64 = Release|x64
		Release|x86 = Release|x86
	EndGlobalSection
	GlobalSection(ProjectConfigurationPlatforms) = postSolution
		{F04658C4-03A3-407B-B1CA-41563BB913CC}.Debug|x64.ActiveCfg = Debug|x64
		{F04658C4-03A3-407B-B1CA-41563BB913CC}.Debug|x64.Build.0 = Debug|x64
		{F04658C4-03A3-407B-B1CA-41563BB913CC}.Debug|x86.ActiveCfg = Debug|Win32
		{F04658C4-03A3-407B-B1CA-41563BB913CC}.Debug|x86.Build.0 = Debug|Win32
		{F04658C4-03A3-407B-B1CA-41563BB913CC}.Release|x64.ActiveCfg = Release|x64
		{F04658C4-03A3-407B-B1CA-41563BB913CC}.Release|x64.Build.0 = Release|x64
		{F04658C4-03A3-407B-B1CA-41563BB913CC}.Release|x86.ActiveCfg = Release|Win32
		{F04658C4-03A3-407B-B1CA-41563BB913CC}.Release|x86.Build.0 = Release|Win32
	EndGlobalSection
	GlobalSection(SolutionProperties) = preSolution
		HideSolutionNode = FALSE
	EndGlobalSection
	GlobalSection(ExtensibilityGlobals) = postSolution
		SolutionGuid = {D7ECAA12-0099-4516-8B46-414BDAFF8995}
	EndGlobalSection
EndGlobal
